
Microsoft Visual Studio Solution File, Format Version 12.00
# Visual Studio Version 16
VisualStudioVersion = 16.0.31605.320
MinimumVisualStudioVersion = 10.0.40219.1
Project("{9A19103F-16F7-4668-BE54-9A1E7A4F7556}") = "StartProject", "PrimatSchedule\StartProject.csproj", "{93523A46-F2B5-4BC9-9BD8-5B865C102994}"
EndProject
Project("{9A19103F-16F7-4668-BE54-9A1E7A4F7556}") = "DataBaseExploitation", "ScheduleDBModel\DataBaseExploitation.csproj", "{4C210D9B-ABD7-478F-98DE-0E29B4E68287}"
EndProject
Project("{9A19103F-16F7-4668-BE54-9A1E7A4F7556}") = "DIalogueNavigator", "Telegram\DIalogueNavigator.csproj", "{23F9B62F-D584-49F2-A56F-B0D6121CF529}"
EndProject
Project("{9A19103F-16F7-4668-BE54-9A1E7A4F7556}") = "DelayedSchedulePost", "DelayedSchedulePost\DelayedSchedulePost.csproj", "{B253D9EB-132B-4418-9487-69A4D2D90D10}"
EndProject
Project("{FAE04EC0-301F-11D3-BF4B-00C04F79EFBC}") = "SecuredData", "SecuredData\SecuredData.csproj", "{62176121-8723-4C1B-9158-6D0E19315F21}"
EndProject
Global
	GlobalSection(SolutionConfigurationPlatforms) = preSolution
		Debug|Any CPU = Debug|Any CPU
		Release|Any CPU = Release|Any CPU
	EndGlobalSection
	GlobalSection(ProjectConfigurationPlatforms) = postSolution
		{93523A46-F2B5-4BC9-9BD8-5B865C102994}.Debug|Any CPU.ActiveCfg = Debug|Any CPU
		{93523A46-F2B5-4BC9-9BD8-5B865C102994}.Debug|Any CPU.Build.0 = Debug|Any CPU
		{93523A46-F2B5-4BC9-9BD8-5B865C102994}.Release|Any CPU.ActiveCfg = Release|Any CPU
		{93523A46-F2B5-4BC9-9BD8-5B865C102994}.Release|Any CPU.Build.0 = Release|Any CPU
		{4C210D9B-ABD7-478F-98DE-0E29B4E68287}.Debug|Any CPU.ActiveCfg = Debug|Any CPU
		{4C210D9B-ABD7-478F-98DE-0E29B4E68287}.Debug|Any CPU.Build.0 = Debug|Any CPU
		{4C210D9B-ABD7-478F-98DE-0E29B4E68287}.Release|Any CPU.ActiveCfg = Release|Any CPU
		{4C210D9B-ABD7-478F-98DE-0E29B4E68287}.Release|Any CPU.Build.0 = Release|Any CPU
		{23F9B62F-D584-49F2-A56F-B0D6121CF529}.Debug|Any CPU.ActiveCfg = Debug|Any CPU
		{23F9B62F-D584-49F2-A56F-B0D6121CF529}.Debug|Any CPU.Build.0 = Debug|Any CPU
		{23F9B62F-D584-49F2-A56F-B0D6121CF529}.Release|Any CPU.ActiveCfg = Release|Any CPU
		{23F9B62F-D584-49F2-A56F-B0D6121CF529}.Release|Any CPU.Build.0 = Release|Any CPU
		{B253D9EB-132B-4418-9487-69A4D2D90D10}.Debug|Any CPU.ActiveCfg = Debug|Any CPU
		{B253D9EB-132B-4418-9487-69A4D2D90D10}.Debug|Any CPU.Build.0 = Debug|Any CPU
		{B253D9EB-132B-4418-9487-69A4D2D90D10}.Release|Any CPU.ActiveCfg = Release|Any CPU
		{B253D9EB-132B-4418-9487-69A4D2D90D10}.Release|Any CPU.Build.0 = Release|Any CPU
		{62176121-8723-4C1B-9158-6D0E19315F21}.Debug|Any CPU.ActiveCfg = Debug|Any CPU
		{62176121-8723-4C1B-9158-6D0E19315F21}.Debug|Any CPU.Build.0 = Debug|Any CPU
		{62176121-8723-4C1B-9158-6D0E19315F21}.Release|Any CPU.ActiveCfg = Release|Any CPU
		{62176121-8723-4C1B-9158-6D0E19315F21}.Release|Any CPU.Build.0 = Release|Any CPU
	EndGlobalSection
	GlobalSection(SolutionProperties) = preSolution
		HideSolutionNode = FALSE
	EndGlobalSection
	GlobalSection(ExtensibilityGlobals) = postSolution
		SolutionGuid = {3C32DCBB-6BA9-4E8D-ABD5-B2DCCF5E5A71}
	EndGlobalSection
EndGlobal
